
Microsoft Visual Studio Solution File, Format Version 12.00
# Visual Studio 15
VisualStudioVersion = 15.0.28307.271
MinimumVisualStudioVersion = 10.0.40219.1
Project("{FAE04EC0-301F-11D3-BF4B-00C04F79EFBC}") = "MineSweaperProject", "MineSweaperProject\MineSweaperProject.csproj", "{3387FCB4-3994-454F-9CF6-C3CC9CC91624}"
EndProject
Global
	GlobalSection(SolutionConfigurationPlatforms) = preSolution
		Debug|Any CPU = Debug|Any CPU
		Release|Any CPU = Release|Any CPU
	EndGlobalSection
	GlobalSection(ProjectConfigurationPlatforms) = postSolution
		{3387FCB4-3994-454F-9CF6-C3CC9CC91624}.Debug|Any CPU.ActiveCfg = Debug|Any CPU
		{3387FCB4-3994-454F-9CF6-C3CC9CC91624}.Debug|Any CPU.Build.0 = Debug|Any CPU
		{3387FCB4-3994-454F-9CF6-C3CC9CC91624}.Release|Any CPU.ActiveCfg = Release|Any CPU
		{3387FCB4-3994-454F-9CF6-C3CC9CC91624}.Release|Any CPU.Build.0 = Release|Any CPU
	EndGlobalSection
	GlobalSection(SolutionProperties) = preSolution
		HideSolutionNode = FALSE
	EndGlobalSection
	GlobalSection(ExtensibilityGlobals) = postSolution
		SolutionGuid = {9ED6D2CB-49F3-437B-B9A6-CC5340364F22}
	EndGlobalSection
EndGlobal
